
Microsoft Visual Studio Solution File, Format Version 12.00
# Visual Studio Version 17
VisualStudioVersion = 17.14.36811.4 d17.14
MinimumVisualStudioVersion = 10.0.40219.1
Project("{FAE04EC0-301F-11D3-BF4B-00C04F79EFBC}") = "MigrationApiBdd", "MigrationApiBdd\MigrationApiBdd.csproj", "{0B5DE093-5A99-45E2-9128-A921AA52A769}"
EndProject
Project("{FAE04EC0-301F-11D3-BF4B-00C04F79EFBC}") = "MigrationApiBdd.Tests", "MigrationApiBdd.Tests\MigrationApiBdd.Tests.csproj", "{3F6A1C52-8B7D-4E19-A2C4-5D9E0B71F3A8}"
EndProject
Global
	GlobalSection(SolutionConfigurationPlatforms) = preSolution
		Debug|Any CPU = Debug|Any CPU
		Release|Any CPU = Release|Any CPU
	EndGlobalSection
	GlobalSection(ProjectConfigurationPlatforms) = postSolution
		{0B5DE093-5A99-45E2-9128-A921AA52A769}.Debug|Any CPU.ActiveCfg = Debug|Any CPU
		{0B5DE093-5A99-45E2-9128-A921AA52A769}.Debug|Any CPU.Build.0 = Debug|Any CPU
		{0B5DE093-5A99-45E2-9128-A921AA52A769}.Release|Any CPU.ActiveCfg = Release|Any CPU
		{0B5DE093-5A99-45E2-9128-A921AA52A769}.Release|Any CPU.Build.0 = Release|Any CPU
		{3F6A1C52-8B7D-4E19-A2C4-5D9E0B71F3A8}.Debug.ActiveCfg = Debug|Any CPU
		{3F6A1C52-8B7D-4E19-A2C4-5D9E0B71F3A8}.Debug.Build.0 = Debug|Any CPU
		{3F6A1C52-8B7D-4E19-A2C4-5D9E0B71F3A8}.Release.ActiveCfg = Release|Any CPU
		{3F6A1C52-8B7D-4E19-A2C4-5D9E0B71F3A8}.Release.Build.0 = Release|Any CPU
	EndGlobalSection
	GlobalSection(SolutionProperties) = preSolution
		HideSolutionNode = FALSE
	EndGlobalSection
	GlobalSection(ExtensibilityGlobals) = postSolution
		SolutionGuid = {7172DDDC-C80C-4BE2-BB60-62CF3D0376F6}
	EndGlobalSection
EndGlobal
